# This file is automatically @generated by Cargo.
# It is not intended for manual editing.
version = 4

[[package]]
name = "mackey-core"
version = "0.0.0"

[[package]]
name = "mackey-gui"
version = "0.0.0"
dependencies = [
 "mackey-core",
]

[[package]]
name = "mackeyd"
version = "0.0.0"
dependencies = [
 "mackey-core",
]
